
Microsoft Visual Studio Solution File, Format Version 12.00
# Visual Studio 14
VisualStudioVersion = 14.0.23107.0
MinimumVisualStudioVersion = 10.0.40219.1
Project("{FAE04EC0-301F-11D3-BF4B-00C04F79EFBC}") = "Manager.UI", "Manager.UI\Manager.UI.csproj", "{197821C6-8357-49B9-9B6F-7288E570B03F}"
EndProject
Project("{FAE04EC0-301F-11D3-BF4B-00C04F79EFBC}") = "Manager.Core", "Manager.Core\Manager.Core.csproj", "{59934A39-5452-4DB2-A85E-B64F1160183D}"
EndProject
Global
	GlobalSection(SolutionConfigurationPlatforms) = preSolution
		Debug|Any CPU = Debug|Any CPU
		Release|Any CPU = Release|Any CPU
	EndGlobalSection
	GlobalSection(ProjectConfigurationPlatforms) = postSolution
		{197821C6-8357-49B9-9B6F-7288E570B03F}.Debug|Any CPU.ActiveCfg = Debug|Any CPU
		{197821C6-8357-49B9-9B6F-7288E570B03F}.Debug|Any CPU.Build.0 = Debug|Any CPU
		{197821C6-8357-49B9-9B6F-7288E570B03F}.Release|Any CPU.ActiveCfg = Release|Any CPU
		{197821C6-8357-49B9-9B6F-7288E570B03F}.Release|Any CPU.Build.0 = Release|Any CPU
		{59934A39-5452-4DB2-A85E-B64F1160183D}.Debug|Any CPU.ActiveCfg = Debug|Any CPU
		{59934A39-5452-4DB2-A85E-B64F1160183D}.Debug|Any CPU.Build.0 = Debug|Any CPU
		{59934A39-5452-4DB2-A85E-B64F1160183D}.Release|Any CPU.ActiveCfg = Release|Any CPU
		{59934A39-5452-4DB2-A85E-B64F1160183D}.Release|Any CPU.Build.0 = Release|Any CPU
	EndGlobalSection
	GlobalSection(SolutionProperties) = preSolution
		HideSolutionNode = FALSE
	EndGlobalSection
	GlobalSection(ExtensibilityGlobals) = postSolution
		SolutionGuid = {480B1FC5-71A0-4C45-8A5C-3E8F1C100011}
	EndGlobalSection
EndGlobal
